Microsoft Visual Studio Solution File, Format Version 11.00
# Visual Studio 2008

Project("{602DEF9C-2376-3A37-CDAE-183DD8244288}") = "blockball", "Assembly-CSharp-firstpass-vs.csproj", "{3D57279F-343F-3EF9-912A-A75FCBD50399}"
EndProject
Project("{602DEF9C-2376-3A37-CDAE-183DD8244288}") = "blockball", "Assembly-CSharp-vs.csproj", "{B9ADB769-B3C3-812E-7199-2A0CAD59FE92}"
EndProject
Project("{602DEF9C-2376-3A37-CDAE-183DD8244288}") = "blockball", "Assembly-CSharp-Editor-vs.csproj", "{6854527B-F9FD-7F7F-457C-13BBED2B0DD6}"
EndProject
Global
	GlobalSection(SolutionConfigurationPlatforms) = preSolution
		Debug|Any CPU = Debug|Any CPU
		Release|Any CPU = Release|Any CPU
	EndGlobalSection
	GlobalSection(ProjectConfigurationPlatforms) = postSolution
		{3D57279F-343F-3EF9-912A-A75FCBD50399}.Debug|Any CPU.ActiveCfg = Debug|Any CPU
		{3D57279F-343F-3EF9-912A-A75FCBD50399}.Debug|Any CPU.Build.0 = Debug|Any CPU
		{3D57279F-343F-3EF9-912A-A75FCBD50399}.Release|Any CPU.ActiveCfg = Release|Any CPU
		{3D57279F-343F-3EF9-912A-A75FCBD50399}.Release|Any CPU.Build.0 = Release|Any CPU
		{B9ADB769-B3C3-812E-7199-2A0CAD59FE92}.Debug|Any CPU.ActiveCfg = Debug|Any CPU
		{B9ADB769-B3C3-812E-7199-2A0CAD59FE92}.Debug|Any CPU.Build.0 = Debug|Any CPU
		{B9ADB769-B3C3-812E-7199-2A0CAD59FE92}.Release|Any CPU.ActiveCfg = Release|Any CPU
		{B9ADB769-B3C3-812E-7199-2A0CAD59FE92}.Release|Any CPU.Build.0 = Release|Any CPU
		{6854527B-F9FD-7F7F-457C-13BBED2B0DD6}.Debug|Any CPU.ActiveCfg = Debug|Any CPU
		{6854527B-F9FD-7F7F-457C-13BBED2B0DD6}.Debug|Any CPU.Build.0 = Debug|Any CPU
		{6854527B-F9FD-7F7F-457C-13BBED2B0DD6}.Release|Any CPU.ActiveCfg = Release|Any CPU
		{6854527B-F9FD-7F7F-457C-13BBED2B0DD6}.Release|Any CPU.Build.0 = Release|Any CPU
	EndGlobalSection
	GlobalSection(SolutionProperties) = preSolution
		HideSolutionNode = FALSE
	EndGlobalSection
													GlobalSection(MonoDevelopProperties) = preSolution
		StartupItem = Assembly-CSharp.csproj
		Policies = $0
		$0.TextStylePolicy = $1
		$1.inheritsSet = null
		$1.scope = text/x-csharp
		$0.CSharpFormattingPolicy = $2
		$2.inheritsSet = Mono
		$2.inheritsScope = text/x-csharp
		$2.scope = text/x-csharp
		$0.TextStylePolicy = $3
		$3.FileWidth = 120
		$3.TabWidth = 4
		$3.IndentWidth = 4
		$3.EolMarker = Unix
		$3.inheritsSet = Mono
		$3.inheritsScope = text/plain
		$3.scope = text/plain
	EndGlobalSection

EndGlobal
